
Microsoft Visual Studio Solution File, Format Version 12.00
# Visual Studio Version 17
VisualStudioVersion = 17.1.32319.34
MinimumVisualStudioVersion = 10.0.40219.1
Project("{FAE04EC0-301F-11D3-BF4B-00C04F79EFBC}") = "fnfToRR", "fnfToRR\fnfToRR.csproj", "{FBB6A2B4-3EBC-4EA1-92BF-7D897A9768D9}"
EndProject
Global
	GlobalSection(SolutionConfigurationPlatforms) = preSolution
		Debug|Any CPU = Debug|Any CPU
		Release|Any CPU = Release|Any CPU
	EndGlobalSection
	GlobalSection(ProjectConfigurationPlatforms) = postSolution
		{FBB6A2B4-3EBC-4EA1-92BF-7D897A9768D9}.Debug|Any CPU.ActiveCfg = Debug|Any CPU
		{FBB6A2B4-3EBC-4EA1-92BF-7D897A9768D9}.Debug|Any CPU.Build.0 = Debug|Any CPU
		{FBB6A2B4-3EBC-4EA1-92BF-7D897A9768D9}.Release|Any CPU.ActiveCfg = Release|Any CPU
		{FBB6A2B4-3EBC-4EA1-92BF-7D897A9768D9}.Release|Any CPU.Build.0 = Release|Any CPU
	EndGlobalSection
	GlobalSection(SolutionProperties) = preSolution
		HideSolutionNode = FALSE
	EndGlobalSection
	GlobalSection(ExtensibilityGlobals) = postSolution
		SolutionGuid = {FC21FBC9-BEFF-46EC-AB57-E190D169F486}
	EndGlobalSection
EndGlobal
